
Microsoft Visual Studio Solution File, Format Version 12.00
# Visual Studio Version 17
VisualStudioVersion = 17.8.34511.84
MinimumVisualStudioVersion = 10.0.40219.1
Project("{2150E333-8FDC-42A3-9474-1A3956D46DE8}") = "src", "src", "{1EE48B68-72B7-4FCA-BA82-0F95DD0BEB1E}"
EndProject
Project("{2150E333-8FDC-42A3-9474-1A3956D46DE8}") = "Core", "Core", "{CC482262-8E04-4768-A8CE-E7DF0ABC9031}"
EndProject
Project("{2150E333-8FDC-42A3-9474-1A3956D46DE8}") = "Infarsturcture", "Infarsturcture", "{99632508-AF27-49E2-8D4E-5E4155C35CEB}"
EndProject
Project("{2150E333-8FDC-42A3-9474-1A3956D46DE8}") = "Presentation", "Presentation", "{FF116042-9378-475B-BED4-BEEC88EB5494}"
EndProject
Project("{2150E333-8FDC-42A3-9474-1A3956D46DE8}") = "API", "API", "{8D1F88CE-14EE-40E6-8689-41135C13456F}"
EndProject
Project("{FAE04EC0-301F-11D3-BF4B-00C04F79EFBC}") = "ChatApp.Domain", "src\Core\ChatApp.Domain\ChatApp.Domain.csproj", "{853F9F63-2F18-48B2-88C3-8D9A8240A9C8}"
EndProject
Project("{FAE04EC0-301F-11D3-BF4B-00C04F79EFBC}") = "ChatApp.Application", "src\Core\ChatApp.Application\ChatApp.Application.csproj", "{517FB997-5E88-4079-BF14-C7A960D4B756}"
EndProject
Global
	GlobalSection(SolutionConfigurationPlatforms) = preSolution
		Debug|Any CPU = Debug|Any CPU
		Release|Any CPU = Release|Any CPU
	EndGlobalSection
	GlobalSection(ProjectConfigurationPlatforms) = postSolution
		{853F9F63-2F18-48B2-88C3-8D9A8240A9C8}.Debug|Any CPU.ActiveCfg = Debug|Any CPU
		{853F9F63-2F18-48B2-88C3-8D9A8240A9C8}.Debug|Any CPU.Build.0 = Debug|Any CPU
		{853F9F63-2F18-48B2-88C3-8D9A8240A9C8}.Release|Any CPU.ActiveCfg = Release|Any CPU
		{853F9F63-2F18-48B2-88C3-8D9A8240A9C8}.Release|Any CPU.Build.0 = Release|Any CPU
		{517FB997-5E88-4079-BF14-C7A960D4B756}.Debug|Any CPU.ActiveCfg = Debug|Any CPU
		{517FB997-5E88-4079-BF14-C7A960D4B756}.Debug|Any CPU.Build.0 = Debug|Any CPU
		{517FB997-5E88-4079-BF14-C7A960D4B756}.Release|Any CPU.ActiveCfg = Release|Any CPU
		{517FB997-5E88-4079-BF14-C7A960D4B756}.Release|Any CPU.Build.0 = Release|Any CPU
	EndGlobalSection
	GlobalSection(SolutionProperties) = preSolution
		HideSolutionNode = FALSE
	EndGlobalSection
	GlobalSection(NestedProjects) = preSolution
		{CC482262-8E04-4768-A8CE-E7DF0ABC9031} = {1EE48B68-72B7-4FCA-BA82-0F95DD0BEB1E}
		{99632508-AF27-49E2-8D4E-5E4155C35CEB} = {1EE48B68-72B7-4FCA-BA82-0F95DD0BEB1E}
		{FF116042-9378-475B-BED4-BEEC88EB5494} = {1EE48B68-72B7-4FCA-BA82-0F95DD0BEB1E}
		{8D1F88CE-14EE-40E6-8689-41135C13456F} = {FF116042-9378-475B-BED4-BEEC88EB5494}
		{853F9F63-2F18-48B2-88C3-8D9A8240A9C8} = {CC482262-8E04-4768-A8CE-E7DF0ABC9031}
		{517FB997-5E88-4079-BF14-C7A960D4B756} = {CC482262-8E04-4768-A8CE-E7DF0ABC9031}
	EndGlobalSection
	GlobalSection(ExtensibilityGlobals) = postSolution
		SolutionGuid = {F0C4C450-6647-442F-A575-A9770FFE4313}
	EndGlobalSection
EndGlobal
